// !$*UTF8*$!
{
	archiveVersion = 1;
	classes = {
	};
	objectVersion = 56;
	objects = {

/* Begin PBXBuildFile section */
		8C88DF7F2BE4A68500F5BC87 /* AppDelegate.swift in Sources */ = {isa = PBXBuildFile; fileRef = 8C88DF7E2BE4A68500F5BC87 /* AppDelegate.swift */; };
		8C88DF812BE4A68500F5BC87 /* SceneDelegate.swift in Sources */ = {isa = PBXBuildFile; fileRef = 8C88DF802BE4A68500F5BC87 /* SceneDelegate.swift */; };
		8C88DF882BE4A68600F5BC87 /* Assets.xcassets in Resources */ = {isa = PBXBuildFile; fileRef = 8C88DF872BE4A68600F5BC87 /* Assets.xcassets */; };
		8C88DF8B2BE4A68600F5BC87 /* Base in Resources */ = {isa = PBXBuildFile; fileRef = 8C88DF8A2BE4A68600F5BC87 /* Base */; };
		8C88DF9A2BE4A8D500F5BC87 /* CatFactsViewController.swift in Sources */ = {isa = PBXBuildFile; fileRef = 8C88DF992BE4A8D500F5BC87 /* CatFactsViewController.swift */; };
		8C88DF9C2BE4A90700F5BC87 /* CatFactsViewModel.swift in Sources */ = {isa = PBXBuildFile; fileRef = 8C88DF9B2BE4A90700F5BC87 /* CatFactsViewModel.swift */; };
		8C88DF9E2BE4A97600F5BC87 /* CatFactsCell.swift in Sources */ = {isa = PBXBuildFile; fileRef = 8C88DF9D2BE4A97600F5BC87 /* CatFactsCell.swift */; };
		8C88DFA02BE4A9B800F5BC87 /* FiraGO-Bold.ttf in Resources */ = {isa = PBXBuildFile; fileRef = 8C88DF9F2BE4A9B800F5BC87 /* FiraGO-Bold.ttf */; };
		8C88DFA22BE4A9C000F5BC87 /* SpaceGrotesk-Bold.ttf in Resources */ = {isa = PBXBuildFile; fileRef = 8C88DFA12BE4A9C000F5BC87 /* SpaceGrotesk-Bold.ttf */; };
		8C88DFA42BE4A9C900F5BC87 /* FiraGO-Medium.ttf in Resources */ = {isa = PBXBuildFile; fileRef = 8C88DFA32BE4A9C900F5BC87 /* FiraGO-Medium.ttf */; };
		8C88DFA72BE4AAA700F5BC87 /* CatFactsNetworking in Frameworks */ = {isa = PBXBuildFile; productRef = 8C88DFA62BE4AAA700F5BC87 /* CatFactsNetworking */; };
		8C88DFAA2BE4AAE800F5BC87 /* TinyConstraints in Frameworks */ = {isa = PBXBuildFile; productRef = 8C88DFA92BE4AAE800F5BC87 /* TinyConstraints */; };
/* End PBXBuildFile section */

/* Begin PBXFileReference section */
		8C88DF7B2BE4A68500F5BC87 /* Swift Modular Pattern.app */ = {isa = PBXFileReference; explicitFileType = wrapper.application; includeInIndex = 0; path = "Swift Modular Pattern.app"; sourceTree = BUILT_PRODUCTS_DIR; };
		8C88DF7E2BE4A68500F5BC87 /* AppDelegate.swift */ = {isa = PBXFileReference; lastKnownFileType = sourcecode.swift; path = AppDelegate.swift; sourceTree = "<group>"; };
		8C88DF802BE4A68500F5BC87 /* SceneDelegate.swift */ = {isa = PBXFileReference; lastKnownFileType = sourcecode.swift; path = SceneDelegate.swift; sourceTree = "<group>"; };
		8C88DF872BE4A68600F5BC87 /* Assets.xcassets */ = {isa = PBXFileReference; lastKnownFileType = folder.assetcatalog; path = Assets.xcassets; sourceTree = "<group>"; };
		8C88DF8A2BE4A68600F5BC87 /* Base */ = {isa = PBXFileReference; lastKnownFileType = file.storyboard; name = Base; path = Base.lproj/LaunchScreen.storyboard; sourceTree = "<group>"; };
		8C88DF8C2BE4A68600F5BC87 /* Info.plist */ = {isa = PBXFileReference; lastKnownFileType = text.plist.xml; path = Info.plist; sourceTree = "<group>"; };
		8C88DF992BE4A8D500F5BC87 /* CatFactsViewController.swift */ = {isa = PBXFileReference; lastKnownFileType = sourcecode.swift; path = CatFactsViewController.swift; sourceTree = "<group>"; };
		8C88DF9B2BE4A90700F5BC87 /* CatFactsViewModel.swift */ = {isa = PBXFileReference; lastKnownFileType = sourcecode.swift; path = CatFactsViewModel.swift; sourceTree = "<group>"; };
		8C88DF9D2BE4A97600F5BC87 /* CatFactsCell.swift */ = {isa = PBXFileReference; lastKnownFileType = sourcecode.swift; path = CatFactsCell.swift; sourceTree = "<group>"; };
		8C88DF9F2BE4A9B800F5BC87 /* FiraGO-Bold.ttf */ = {isa = PBXFileReference; lastKnownFileType = file; path = "FiraGO-Bold.ttf"; sourceTree = "<group>"; };
		8C88DFA12BE4A9C000F5BC87 /* SpaceGrotesk-Bold.ttf */ = {isa = PBXFileReference; lastKnownFileType = file; path = "SpaceGrotesk-Bold.ttf"; sourceTree = "<group>"; };
		8C88DFA32BE4A9C900F5BC87 /* FiraGO-Medium.ttf */ = {isa = PBXFileReference; lastKnownFileType = file; path = "FiraGO-Medium.ttf"; sourceTree = "<group>"; };
/* End PBXFileReference section */

/* Begin PBXFrameworksBuildPhase section */
		8C88DF782BE4A68400F5BC87 /* Frameworks */ = {
			isa = PBXFrameworksBuildPhase;
			buildActionMask = 2147483647;
			files = (
				8C88DFA72BE4AAA700F5BC87 /* CatFactsNetworking in Frameworks */,
				8C88DFAA2BE4AAE800F5BC87 /* TinyConstraints in Frameworks */,
			);
			runOnlyForDeploymentPostprocessing = 0;
		};
/* End PBXFrameworksBuildPhase section */

/* Begin PBXGroup section */
		8C88DF722BE4A68400F5BC87 = {
			isa = PBXGroup;
			children = (
				8C88DF7D2BE4A68500F5BC87 /* Swift Modular Pattern */,
				8C88DF7C2BE4A68500F5BC87 /* Products */,
			);
			sourceTree = "<group>";
		};
		8C88DF7C2BE4A68500F5BC87 /* Products */ = {
			isa = PBXGroup;
			children = (
				8C88DF7B2BE4A68500F5BC87 /* Swift Modular Pattern.app */,
			);
			name = Products;
			sourceTree = "<group>";
		};
		8C88DF7D2BE4A68500F5BC87 /* Swift Modular Pattern */ = {
			isa = PBXGroup;
			children = (
				8C88DF922BE4A7EE00F5BC87 /* App */,
				8C88DF972BE4A84E00F5BC87 /* Resources */,
				8C88DF952BE4A82100F5BC87 /* Scenes */,
				8C88DF942BE4A81100F5BC87 /* CustomViews */,
				8C88DF932BE4A7F600F5BC87 /* Supporting Files */,
			);
			path = "Swift Modular Pattern";
			sourceTree = "<group>";
		};
		8C88DF922BE4A7EE00F5BC87 /* App */ = {
			isa = PBXGroup;
			children = (
				8C88DF802BE4A68500F5BC87 /* SceneDelegate.swift */,
				8C88DF7E2BE4A68500F5BC87 /* AppDelegate.swift */,
			);
			path = App;
			sourceTree = "<group>";
		};
		8C88DF932BE4A7F600F5BC87 /* Supporting Files */ = {
			isa = PBXGroup;
			children = (
				8C88DF892BE4A68600F5BC87 /* LaunchScreen.storyboard */,
				8C88DF8C2BE4A68600F5BC87 /* Info.plist */,
			);
			path = "Supporting Files";
			sourceTree = "<group>";
		};
		8C88DF942BE4A81100F5BC87 /* CustomViews */ = {
			isa = PBXGroup;
			children = (
				8C88DF9D2BE4A97600F5BC87 /* CatFactsCell.swift */,
			);
			path = CustomViews;
			sourceTree = "<group>";
		};
		8C88DF952BE4A82100F5BC87 /* Scenes */ = {
			isa = PBXGroup;
			children = (
				8C88DF962BE4A83900F5BC87 /* CatFacts */,
			);
			path = Scenes;
			sourceTree = "<group>";
		};
		8C88DF962BE4A83900F5BC87 /* CatFacts */ = {
			isa = PBXGroup;
			children = (
				8C88DF992BE4A8D500F5BC87 /* CatFactsViewController.swift */,
				8C88DF9B2BE4A90700F5BC87 /* CatFactsViewModel.swift */,
			);
			path = CatFacts;
			sourceTree = "<group>";
		};
		8C88DF972BE4A84E00F5BC87 /* Resources */ = {
			isa = PBXGroup;
			children = (
				8C88DF982BE4A88300F5BC87 /* Font */,
				8C88DF872BE4A68600F5BC87 /* Assets.xcassets */,
			);
			path = Resources;
			sourceTree = "<group>";
		};
		8C88DF982BE4A88300F5BC87 /* Font */ = {
			isa = PBXGroup;
			children = (
				8C88DF9F2BE4A9B800F5BC87 /* FiraGO-Bold.ttf */,
				8C88DFA12BE4A9C000F5BC87 /* SpaceGrotesk-Bold.ttf */,
				8C88DFA32BE4A9C900F5BC87 /* FiraGO-Medium.ttf */,
			);
			path = Font;
			sourceTree = "<group>";
		};
/* End PBXGroup section */

/* Begin PBXNativeTarget section */
		8C88DF7A2BE4A68400F5BC87 /* Swift Modular Pattern */ = {
			isa = PBXNativeTarget;
			buildConfigurationList = 8C88DF8F2BE4A68600F5BC87 /* Build configuration list for PBXNativeTarget "Swift Modular Pattern" */;
			buildPhases = (
				8C88DF772BE4A68400F5BC87 /* Sources */,
				8C88DF782BE4A68400F5BC87 /* Frameworks */,
				8C88DF792BE4A68400F5BC87 /* Resources */,
			);
			buildRules = (
			);
			dependencies = (
			);
			name = "Swift Modular Pattern";
			packageProductDependencies = (
				8C88DFA62BE4AAA700F5BC87 /* CatFactsNetworking */,
				8C88DFA92BE4AAE800F5BC87 /* TinyConstraints */,
			);
			productName = "Swift Modular Pattern";
			productReference = 8C88DF7B2BE4A68500F5BC87 /* Swift Modular Pattern.app */;
			productType = "com.apple.product-type.application";
		};
/* End PBXNativeTarget section */

/* Begin PBXProject section */
		8C88DF732BE4A68400F5BC87 /* Project object */ = {
			isa = PBXProject;
			attributes = {
				BuildIndependentTargetsInParallel = 1;
				LastSwiftUpdateCheck = 1530;
				LastUpgradeCheck = 1530;
				TargetAttributes = {
					8C88DF7A2BE4A68400F5BC87 = {
						CreatedOnToolsVersion = 15.3;
					};
				};
			};
			buildConfigurationList = 8C88DF762BE4A68400F5BC87 /* Build configuration list for PBXProject "Swift Modular Pattern" */;
			compatibilityVersion = "Xcode 14.0";
			developmentRegion = en;
			hasScannedForEncodings = 0;
			knownRegions = (
				en,
				Base,
			);
			mainGroup = 8C88DF722BE4A68400F5BC87;
			packageReferences = (
				8C88DFA52BE4AAA700F5BC87 /* XCRemoteSwiftPackageReference "CatFactsNetworking" */,
				8C88DFA82BE4AAE800F5BC87 /* XCRemoteSwiftPackageReference "TinyConstraints" */,
			);
			productRefGroup = 8C88DF7C2BE4A68500F5BC87 /* Products */;
			projectDirPath = "";
			projectRoot = "";
			targets = (
				8C88DF7A2BE4A68400F5BC87 /* Swift Modular Pattern */,
			);
		};
/* End PBXProject section */

/* Begin PBXResourcesBuildPhase section */
		8C88DF792BE4A68400F5BC87 /* Resources */ = {
			isa = PBXResourcesBuildPhase;
			buildActionMask = 2147483647;
			files = (
				8C88DFA02BE4A9B800F5BC87 /* FiraGO-Bold.ttf in Resources */,
				8C88DF882BE4A68600F5BC87 /* Assets.xcassets in Resources */,
				8C88DFA22BE4A9C000F5BC87 /* SpaceGrotesk-Bold.ttf in Resources */,
				8C88DF8B2BE4A68600F5BC87 /* Base in Resources */,
				8C88DFA42BE4A9C900F5BC87 /* FiraGO-Medium.ttf in Resources */,
			);
			runOnlyForDeploymentPostprocessing = 0;
		};
/* End PBXResourcesBuildPhase section */

/* Begin PBXSourcesBuildPhase section */
		8C88DF772BE4A68400F5BC87 /* Sources */ = {
			isa = PBXSourcesBuildPhase;
			buildActionMask = 2147483647;
			files = (
				8C88DF9C2BE4A90700F5BC87 /* CatFactsViewModel.swift in Sources */,
				8C88DF7F2BE4A68500F5BC87 /* AppDelegate.swift in Sources */,
				8C88DF812BE4A68500F5BC87 /* SceneDelegate.swift in Sources */,
				8C88DF9E2BE4A97600F5BC87 /* CatFactsCell.swift in Sources */,
				8C88DF9A2BE4A8D500F5BC87 /* CatFactsViewController.swift in Sources */,
			);
			runOnlyForDeploymentPostprocessing = 0;
		};
/* End PBXSourcesBuildPhase section */

/* Begin PBXVariantGroup section */
		8C88DF892BE4A68600F5BC87 /* LaunchScreen.storyboard */ = {
			isa = PBXVariantGroup;
			children = (
				8C88DF8A2BE4A68600F5BC87 /* Base */,
			);
			name = LaunchScreen.storyboard;
			sourceTree = "<group>";
		};
/* End PBXVariantGroup section */

/* Begin XCBuildConfiguration section */
		8C88DF8D2BE4A68600F5BC87 /* Debug */ = {
			isa = XCBuildConfiguration;
			buildSettings = {
				ALWAYS_SEARCH_USER_PATHS = NO;
				ASSETCATALOG_COMPILER_GENERATE_SWIFT_ASSET_SYMBOL_EXTENSIONS = YES;
				CLANG_ANALYZER_NONNULL = YES;
				CLANG_ANALYZER_NUMBER_OBJECT_CONVERSION = YES_AGGRESSIVE;
				CLANG_CXX_LANGUAGE_STANDARD = "gnu++20";
				CLANG_ENABLE_MODULES = YES;
				CLANG_ENABLE_OBJC_ARC = YES;
				CLANG_ENABLE_OBJC_WEAK = YES;
				CLANG_WARN_BLOCK_CAPTURE_AUTORELEASING = YES;
				CLANG_WARN_BOOL_CONVERSION = YES;
				CLANG_WARN_COMMA = YES;
				CLANG_WARN_CONSTANT_CONVERSION = YES;
				CLANG_WARN_DEPRECATED_OBJC_IMPLEMENTATIONS = YES;
				CLANG_WARN_DIRECT_OBJC_ISA_USAGE = YES_ERROR;
				CLANG_WARN_DOCUMENTATION_COMMENTS = YES;
				CLANG_WARN_EMPTY_BODY = YES;
				CLANG_WARN_ENUM_CONVERSION = YES;
				CLANG_WARN_INFINITE_RECURSION = YES;
				CLANG_WARN_INT_CONVERSION = YES;
				CLANG_WARN_NON_LITERAL_NULL_CONVERSION = YES;
				CLANG_WARN_OBJC_IMPLICIT_RETAIN_SELF = YES;
				CLANG_WARN_OBJC_LITERAL_CONVERSION = YES;
				CLANG_WARN_OBJC_ROOT_CLASS = YES_ERROR;
				CLANG_WARN_QUOTED_INCLUDE_IN_FRAMEWORK_HEADER = YES;
				CLANG_WARN_RANGE_LOOP_ANALYSIS = YES;
				CLANG_WARN_STRICT_PROTOTYPES = YES;
				CLANG_WARN_SUSPICIOUS_MOVE = YES;
				CLANG_WARN_UNGUARDED_AVAILABILITY = YES_AGGRESSIVE;
				CLANG_WARN_UNREACHABLE_CODE = YES;
				CLANG_WARN__DUPLICATE_METHOD_MATCH = YES;
				COPY_PHASE_STRIP = NO;
				DEBUG_INFORMATION_FORMAT = dwarf;
				ENABLE_STRICT_OBJC_MSGSEND = YES;
				ENABLE_TESTABILITY = YES;
				ENABLE_USER_SCRIPT_SANDBOXING = YES;
				GCC_C_LANGUAGE_STANDARD = gnu17;
				GCC_DYNAMIC_NO_PIC = NO;
				GCC_NO_COMMON_BLOCKS = YES;
				GCC_OPTIMIZATION_LEVEL = 0;
				GCC_PREPROCESSOR_DEFINITIONS = (
					"DEBUG=1",
					"$(inherited)",
				);
				GCC_WARN_64_TO_32_BIT_CONVERSION = YES;
				GCC_WARN_ABOUT_RETURN_TYPE = YES_ERROR;
				GCC_WARN_UNDECLARED_SELECTOR = YES;
				GCC_WARN_UNINITIALIZED_AUTOS = YES_AGGRESSIVE;
				GCC_WARN_UNUSED_FUNCTION = YES;
				GCC_WARN_UNUSED_VARIABLE = YES;
				IPHONEOS_DEPLOYMENT_TARGET = 17.4;
				LOCALIZATION_PREFERS_STRING_CATALOGS = YES;
				MTL_ENABLE_DEBUG_INFO = INCLUDE_SOURCE;
				MTL_FAST_MATH = YES;
				ONLY_ACTIVE_ARCH = YES;
				SDKROOT = iphoneos;
				SWIFT_ACTIVE_COMPILATION_CONDITIONS = "DEBUG $(inherited)";
				SWIFT_OPTIMIZATION_LEVEL = "-Onone";
			};
			name = Debug;
		};
		8C88DF8E2BE4A68600F5BC87 /* Release */ = {
			isa = XCBuildConfiguration;
			buildSettings = {
				ALWAYS_SEARCH_USER_PATHS = NO;
				ASSETCATALOG_COMPILER_GENERATE_SWIFT_ASSET_SYMBOL_EXTENSIONS = YES;
				CLANG_ANALYZER_NONNULL = YES;
				CLANG_ANALYZER_NUMBER_OBJECT_CONVERSION = YES_AGGRESSIVE;
				CLANG_CXX_LANGUAGE_STANDARD = "gnu++20";
				CLANG_ENABLE_MODULES = YES;
				CLANG_ENABLE_OBJC_ARC = YES;
				CLANG_ENABLE_OBJC_WEAK = YES;
				CLANG_WARN_BLOCK_CAPTURE_AUTORELEASING = YES;
				CLANG_WARN_BOOL_CONVERSION = YES;
				CLANG_WARN_COMMA = YES;
				CLANG_WARN_CONSTANT_CONVERSION = YES;
				CLANG_WARN_DEPRECATED_OBJC_IMPLEMENTATIONS = YES;
				CLANG_WARN_DIRECT_OBJC_ISA_USAGE = YES_ERROR;
				CLANG_WARN_DOCUMENTATION_COMMENTS = YES;
				CLANG_WARN_EMPTY_BODY = YES;
				CLANG_WARN_ENUM_CONVERSION = YES;
				CLANG_WARN_INFINITE_RECURSION = YES;
				CLANG_WARN_INT_CONVERSION = YES;
				CLANG_WARN_NON_LITERAL_NULL_CONVERSION = YES;
				CLANG_WARN_OBJC_IMPLICIT_RETAIN_SELF = YES;
				CLANG_WARN_OBJC_LITERAL_CONVERSION = YES;
				CLANG_WARN_OBJC_ROOT_CLASS = YES_ERROR;
				CLANG_WARN_QUOTED_INCLUDE_IN_FRAMEWORK_HEADER = YES;
				CLANG_WARN_RANGE_LOOP_ANALYSIS = YES;
				CLANG_WARN_STRICT_PROTOTYPES = YES;
				CLANG_WARN_SUSPICIOUS_MOVE = YES;
				CLANG_WARN_UNGUARDED_AVAILABILITY = YES_AGGRESSIVE;
				CLANG_WARN_UNREACHABLE_CODE = YES;
				CLANG_WARN__DUPLICATE_METHOD_MATCH = YES;
				COPY_PHASE_STRIP = NO;
				DEBUG_INFORMATION_FORMAT = "dwarf-with-dsym";
				ENABLE_NS_ASSERTIONS = NO;
				ENABLE_STRICT_OBJC_MSGSEND = YES;
				ENABLE_USER_SCRIPT_SANDBOXING = YES;
				GCC_C_LANGUAGE_STANDARD = gnu17;
				GCC_NO_COMMON_BLOCKS = YES;
				GCC_WARN_64_TO_32_BIT_CONVERSION = YES;
				GCC_WARN_ABOUT_RETURN_TYPE = YES_ERROR;
				GCC_WARN_UNDECLARED_SELECTOR = YES;
				GCC_WARN_UNINITIALIZED_AUTOS = YES_AGGRESSIVE;
				GCC_WARN_UNUSED_FUNCTION = YES;
				GCC_WARN_UNUSED_VARIABLE = YES;
				IPHONEOS_DEPLOYMENT_TARGET = 17.4;
				LOCALIZATION_PREFERS_STRING_CATALOGS = YES;
				MTL_ENABLE_DEBUG_INFO = NO;
				MTL_FAST_MATH = YES;
				SDKROOT = iphoneos;
				SWIFT_COMPILATION_MODE = wholemodule;
				VALIDATE_PRODUCT = YES;
			};
			name = Release;
		};
		8C88DF902BE4A68600F5BC87 /* Debug */ = {
			isa = XCBuildConfiguration;
			buildSettings = {
				ASSETCATALOG_COMPILER_APPICON_NAME = AppIcon;
				ASSETCATALOG_COMPILER_GLOBAL_ACCENT_COLOR_NAME = AccentColor;
				CODE_SIGN_STYLE = Automatic;
				CURRENT_PROJECT_VERSION = 1;
				DEVELOPMENT_TEAM = FQNA3Y5XC9;
				GENERATE_INFOPLIST_FILE = YES;
				INFOPLIST_FILE = "Swift Modular Pattern/Supporting Files/Info.plist";
				INFOPLIST_KEY_UIApplicationSupportsIndirectInputEvents = YES;
				INFOPLIST_KEY_UILaunchStoryboardName = LaunchScreen;
				INFOPLIST_KEY_UISupportedInterfaceOrientations_iPad = "UIInterfaceOrientationPortrait UIInterfaceOrientationPortraitUpsideDown UIInterfaceOrientationLandscapeLeft UIInterfaceOrientationLandscapeRight";
				INFOPLIST_KEY_UISupportedInterfaceOrientations_iPhone = "UIInterfaceOrientationPortrait UIInterfaceOrientationLandscapeLeft UIInterfaceOrientationLandscapeRight";
				LD_RUNPATH_SEARCH_PATHS = (
					"$(inherited)",
					"@executable_path/Frameworks",
				);
				MARKETING_VERSION = 1.0;
				PRODUCT_BUNDLE_IDENTIFIER = "ge.academy.Swift-Modular-Pattern";
				PRODUCT_NAME = "$(TARGET_NAME)";
				SWIFT_EMIT_LOC_STRINGS = YES;
				SWIFT_VERSION = 5.0;
				TARGETED_DEVICE_FAMILY = "1,2";
			};
			name = Debug;
		};
		8C88DF912BE4A68600F5BC87 /* Release */ = {
			isa = XCBuildConfiguration;
			buildSettings = {
				ASSETCATALOG_COMPILER_APPICON_NAME = AppIcon;
				ASSETCATALOG_COMPILER_GLOBAL_ACCENT_COLOR_NAME = AccentColor;
				CODE_SIGN_STYLE = Automatic;
				CURRENT_PROJECT_VERSION = 1;
				DEVELOPMENT_TEAM = FQNA3Y5XC9;
				GENERATE_INFOPLIST_FILE = YES;
				INFOPLIST_FILE = "Swift Modular Pattern/Supporting Files/Info.plist";
				INFOPLIST_KEY_UIApplicationSupportsIndirectInputEvents = YES;
				INFOPLIST_KEY_UILaunchStoryboardName = LaunchScreen;
				INFOPLIST_KEY_UISupportedInterfaceOrientations_iPad = "UIInterfaceOrientationPortrait UIInterfaceOrientationPortraitUpsideDown UIInterfaceOrientationLandscapeLeft UIInterfaceOrientationLandscapeRight";
				INFOPLIST_KEY_UISupportedInterfaceOrientations_iPhone = "UIInterfaceOrientationPortrait UIInterfaceOrientationLandscapeLeft UIInterfaceOrientationLandscapeRight";
				LD_RUNPATH_SEARCH_PATHS = (
					"$(inherited)",
					"@executable_path/Frameworks",
				);
				MARKETING_VERSION = 1.0;
				PRODUCT_BUNDLE_IDENTIFIER = "ge.academy.Swift-Modular-Pattern";
				PRODUCT_NAME = "$(TARGET_NAME)";
				SWIFT_EMIT_LOC_STRINGS = YES;
				SWIFT_VERSION = 5.0;
				TARGETED_DEVICE_FAMILY = "1,2";
			};
			name = Release;
		};
/* End XCBuildConfiguration section */

/* Begin XCConfigurationList section */
		8C88DF762BE4A68400F5BC87 /* Build configuration list for PBXProject "Swift Modular Pattern" */ = {
			isa = XCConfigurationList;
			buildConfigurations = (
				8C88DF8D2BE4A68600F5BC87 /* Debug */,
				8C88DF8E2BE4A68600F5BC87 /* Release */,
			);
			defaultConfigurationIsVisible = 0;
			defaultConfigurationName = Release;
		};
		8C88DF8F2BE4A68600F5BC87 /* Build configuration list for PBXNativeTarget "Swift Modular Pattern" */ = {
			isa = XCConfigurationList;
			buildConfigurations = (
				8C88DF902BE4A68600F5BC87 /* Debug */,
				8C88DF912BE4A68600F5BC87 /* Release */,
			);
			defaultConfigurationIsVisible = 0;
			defaultConfigurationName = Release;
		};
/* End XCConfigurationList section */

/* Begin XCRemoteSwiftPackageReference section */
		8C88DFA52BE4AAA700F5BC87 /* XCRemoteSwiftPackageReference "CatFactsNetworking" */ = {
			isa = XCRemoteSwiftPackageReference;
			repositoryURL = "https://github.com/irinkadat/CatFactsNetworking.git";
			requirement = {
				branch = main;
				kind = branch;
			};
		};
		8C88DFA82BE4AAE800F5BC87 /* XCRemoteSwiftPackageReference "TinyConstraints" */ = {
			isa = XCRemoteSwiftPackageReference;
			repositoryURL = "https://github.com/roberthein/TinyConstraints.git";
			requirement = {
				kind = upToNextMajorVersion;
				minimumVersion = 4.0.2;
			};
		};
/* End XCRemoteSwiftPackageReference section */

/* Begin XCSwiftPackageProductDependency section */
		8C88DFA62BE4AAA700F5BC87 /* CatFactsNetworking */ = {
			isa = XCSwiftPackageProductDependency;
			package = 8C88DFA52BE4AAA700F5BC87 /* XCRemoteSwiftPackageReference "CatFactsNetworking" */;
			productName = CatFactsNetworking;
		};
		8C88DFA92BE4AAE800F5BC87 /* TinyConstraints */ = {
			isa = XCSwiftPackageProductDependency;
			package = 8C88DFA82BE4AAE800F5BC87 /* XCRemoteSwiftPackageReference "TinyConstraints" */;
			productName = TinyConstraints;
		};
/* End XCSwiftPackageProductDependency section */
	};
	rootObject = 8C88DF732BE4A68400F5BC87 /* Project object */;
}
